
Microsoft Visual Studio Solution File, Format Version 12.00
# Visual Studio 15
VisualStudioVersion = 15.0.27004.2005
MinimumVisualStudioVersion = 10.0.40219.1
Project("{FAE04EC0-301F-11D3-BF4B-00C04F79EFBC}") = "Tarea 1 Practica 2", "Tarea 1 Practica 2\Tarea 1 Practica 2.csproj", "{9E81512A-4AA2-47BE-A01D-60A62241717E}"
EndProject
Global
	GlobalSection(SolutionConfigurationPlatforms) = preSolution
		Debug|Any CPU = Debug|Any CPU
		Release|Any CPU = Release|Any CPU
	EndGlobalSection
	GlobalSection(ProjectConfigurationPlatforms) = postSolution
		{9E81512A-4AA2-47BE-A01D-60A62241717E}.Debug|Any CPU.ActiveCfg = Debug|Any CPU
		{9E81512A-4AA2-47BE-A01D-60A62241717E}.Debug|Any CPU.Build.0 = Debug|Any CPU
		{9E81512A-4AA2-47BE-A01D-60A62241717E}.Release|Any CPU.ActiveCfg = Release|Any CPU
		{9E81512A-4AA2-47BE-A01D-60A62241717E}.Release|Any CPU.Build.0 = Release|Any CPU
	EndGlobalSection
	GlobalSection(SolutionProperties) = preSolution
		HideSolutionNode = FALSE
	EndGlobalSection
	GlobalSection(ExtensibilityGlobals) = postSolution
		SolutionGuid = {819A7D02-19BD-45FB-AD66-2E8D82C3FB61}
	EndGlobalSection
EndGlobal
