
Microsoft Visual Studio Solution File, Format Version 12.00
# Visual Studio 15
VisualStudioVersion = 15.0.27004.2005
MinimumVisualStudioVersion = 10.0.40219.1
Project("{FAE04EC0-301F-11D3-BF4B-00C04F79EFBC}") = "Tarea 1 Practica 11", "Tarea 1 Practica 11\Tarea 1 Practica 11.csproj", "{71D150DA-DF7D-4E0E-80CC-EDFEC6497BAC}"
EndProject
Global
	GlobalSection(SolutionConfigurationPlatforms) = preSolution
		Debug|Any CPU = Debug|Any CPU
		Release|Any CPU = Release|Any CPU
	EndGlobalSection
	GlobalSection(ProjectConfigurationPlatforms) = postSolution
		{71D150DA-DF7D-4E0E-80CC-EDFEC6497BAC}.Debug|Any CPU.ActiveCfg = Debug|Any CPU
		{71D150DA-DF7D-4E0E-80CC-EDFEC6497BAC}.Debug|Any CPU.Build.0 = Debug|Any CPU
		{71D150DA-DF7D-4E0E-80CC-EDFEC6497BAC}.Release|Any CPU.ActiveCfg = Release|Any CPU
		{71D150DA-DF7D-4E0E-80CC-EDFEC6497BAC}.Release|Any CPU.Build.0 = Release|Any CPU
	EndGlobalSection
	GlobalSection(SolutionProperties) = preSolution
		HideSolutionNode = FALSE
	EndGlobalSection
	GlobalSection(ExtensibilityGlobals) = postSolution
		SolutionGuid = {D2AF4A0E-617B-4A03-915B-E38178F60E30}
	EndGlobalSection
EndGlobal
