
Microsoft Visual Studio Solution File, Format Version 12.00
# Visual Studio 15
VisualStudioVersion = 15.0.27004.2005
MinimumVisualStudioVersion = 10.0.40219.1
Project("{FAE04EC0-301F-11D3-BF4B-00C04F79EFBC}") = "Tarea 2 Ejercicio 1", "Tarea 2 Ejercicio 1\Tarea 2 Ejercicio 1.csproj", "{C5AAD359-0483-446C-861C-ECF54E816095}"
EndProject
Global
	GlobalSection(SolutionConfigurationPlatforms) = preSolution
		Debug|Any CPU = Debug|Any CPU
		Release|Any CPU = Release|Any CPU
	EndGlobalSection
	GlobalSection(ProjectConfigurationPlatforms) = postSolution
		{C5AAD359-0483-446C-861C-ECF54E816095}.Debug|Any CPU.ActiveCfg = Debug|Any CPU
		{C5AAD359-0483-446C-861C-ECF54E816095}.Debug|Any CPU.Build.0 = Debug|Any CPU
		{C5AAD359-0483-446C-861C-ECF54E816095}.Release|Any CPU.ActiveCfg = Release|Any CPU
		{C5AAD359-0483-446C-861C-ECF54E816095}.Release|Any CPU.Build.0 = Release|Any CPU
	EndGlobalSection
	GlobalSection(SolutionProperties) = preSolution
		HideSolutionNode = FALSE
	EndGlobalSection
	GlobalSection(ExtensibilityGlobals) = postSolution
		SolutionGuid = {F58DA093-77FD-4D6A-A7F0-E06DC9FACAEF}
	EndGlobalSection
EndGlobal
