
Microsoft Visual Studio Solution File, Format Version 12.00
# Visual Studio 15
VisualStudioVersion = 15.0.27004.2005
MinimumVisualStudioVersion = 10.0.40219.1
Project("{FAE04EC0-301F-11D3-BF4B-00C04F79EFBC}") = "Tarea1 Practica 1", "Tarea1 Practica 1\Tarea1 Practica 1.csproj", "{D39035E5-059C-479B-8D53-AB6D7B9A460C}"
EndProject
Global
	GlobalSection(SolutionConfigurationPlatforms) = preSolution
		Debug|Any CPU = Debug|Any CPU
		Release|Any CPU = Release|Any CPU
	EndGlobalSection
	GlobalSection(ProjectConfigurationPlatforms) = postSolution
		{D39035E5-059C-479B-8D53-AB6D7B9A460C}.Debug|Any CPU.ActiveCfg = Debug|Any CPU
		{D39035E5-059C-479B-8D53-AB6D7B9A460C}.Debug|Any CPU.Build.0 = Debug|Any CPU
		{D39035E5-059C-479B-8D53-AB6D7B9A460C}.Release|Any CPU.ActiveCfg = Release|Any CPU
		{D39035E5-059C-479B-8D53-AB6D7B9A460C}.Release|Any CPU.Build.0 = Release|Any CPU
	EndGlobalSection
	GlobalSection(SolutionProperties) = preSolution
		HideSolutionNode = FALSE
	EndGlobalSection
	GlobalSection(ExtensibilityGlobals) = postSolution
		SolutionGuid = {B51431E6-A26E-4617-A7D0-DB5E2466D7FE}
	EndGlobalSection
EndGlobal
